
Microsoft Visual Studio Solution File, Format Version 12.00
# Visual Studio Version 17
VisualStudioVersion = 17.1.32319.34
MinimumVisualStudioVersion = 10.0.40219.1
Project("{9A19103F-16F7-4668-BE54-9A1E7A4F7556}") = "MusicLoader", "MusicLoader\MusicLoader.csproj", "{A4E0A365-4C31-4805-81C3-4680687C999F}"
EndProject
Project("{9A19103F-16F7-4668-BE54-9A1E7A4F7556}") = "MusicLoader.BLL.Test", "MusicLoader.Test\MusicLoader.BLL.Test.csproj", "{33E52467-5292-4C19-9080-CE3C5707D28D}"
EndProject
Global
	GlobalSection(SolutionConfigurationPlatforms) = preSolution
		Debug|Any CPU = Debug|Any CPU
		Release|Any CPU = Release|Any CPU
	EndGlobalSection
	GlobalSection(ProjectConfigurationPlatforms) = postSolution
		{A4E0A365-4C31-4805-81C3-4680687C999F}.Debug|Any CPU.ActiveCfg = Debug|Any CPU
		{A4E0A365-4C31-4805-81C3-4680687C999F}.Debug|Any CPU.Build.0 = Debug|Any CPU
		{A4E0A365-4C31-4805-81C3-4680687C999F}.Release|Any CPU.ActiveCfg = Release|Any CPU
		{A4E0A365-4C31-4805-81C3-4680687C999F}.Release|Any CPU.Build.0 = Release|Any CPU
		{33E52467-5292-4C19-9080-CE3C5707D28D}.Debug|Any CPU.ActiveCfg = Debug|Any CPU
		{33E52467-5292-4C19-9080-CE3C5707D28D}.Debug|Any CPU.Build.0 = Debug|Any CPU
		{33E52467-5292-4C19-9080-CE3C5707D28D}.Release|Any CPU.ActiveCfg = Release|Any CPU
		{33E52467-5292-4C19-9080-CE3C5707D28D}.Release|Any CPU.Build.0 = Release|Any CPU
	EndGlobalSection
	GlobalSection(SolutionProperties) = preSolution
		HideSolutionNode = FALSE
	EndGlobalSection
	GlobalSection(ExtensibilityGlobals) = postSolution
		SolutionGuid = {8C9468E5-CD69-4ED6-BEFF-9E2A51BD0BDC}
	EndGlobalSection
EndGlobal
